
Microsoft Visual Studio Solution File, Format Version 12.00
# Visual Studio Version 17
VisualStudioVersion = 17.6.33829.357
MinimumVisualStudioVersion = 10.0.40219.1
Project("{FAE04EC0-301F-11D3-BF4B-00C04F79EFBC}") = "UncreativeProjectName1", "UncreativeProjectName1\UncreativeProjectName1.csproj", "{A253FE66-69B6-4F1B-969D-701EAC04955C}"
EndProject
Global
	GlobalSection(SolutionConfigurationPlatforms) = preSolution
		Debug|Any CPU = Debug|Any CPU
		Release|Any CPU = Release|Any CPU
	EndGlobalSection
	GlobalSection(ProjectConfigurationPlatforms) = postSolution
		{A253FE66-69B6-4F1B-969D-701EAC04955C}.Debug|Any CPU.ActiveCfg = Debug|Any CPU
		{A253FE66-69B6-4F1B-969D-701EAC04955C}.Debug|Any CPU.Build.0 = Debug|Any CPU
		{A253FE66-69B6-4F1B-969D-701EAC04955C}.Release|Any CPU.ActiveCfg = Release|Any CPU
		{A253FE66-69B6-4F1B-969D-701EAC04955C}.Release|Any CPU.Build.0 = Release|Any CPU
	EndGlobalSection
	GlobalSection(SolutionProperties) = preSolution
		HideSolutionNode = FALSE
	EndGlobalSection
	GlobalSection(ExtensibilityGlobals) = postSolution
		SolutionGuid = {6F1DD946-EEF9-45CF-9B63-CD2F6D6C9D6E}
	EndGlobalSection
EndGlobal
